
Microsoft Visual Studio Solution File, Format Version 12.00
# Visual Studio Version 16
VisualStudioVersion = 16.0.29905.134
MinimumVisualStudioVersion = 10.0.40219.1
Project("{9A19103F-16F7-4668-BE54-9A1E7A4F7556}") = "BusinessLogic", "BusinessLogic\BusinessLogic.csproj", "{9291621E-781A-4B93-A816-FE5C24FC7D2B}"
EndProject
Project("{9A19103F-16F7-4668-BE54-9A1E7A4F7556}") = "DataCore", "DataCore\DataCore.csproj", "{1FE133FD-8954-4C12-A679-1E6E7B6345F1}"
EndProject
Project("{9A19103F-16F7-4668-BE54-9A1E7A4F7556}") = "Entity", "Entity\Entity.csproj", "{2B48D262-8FDA-48DC-B975-1D2290243F94}"
EndProject
Project("{FAE04EC0-301F-11D3-BF4B-00C04F79EFBC}") = "Logger", "Logger\Logger.csproj", "{00F7CA6C-619C-46DB-96AD-77A64A0D4466}"
EndProject
Project("{FAE04EC0-301F-11D3-BF4B-00C04F79EFBC}") = "Client", "Client\Client.csproj", "{BB28512D-54ED-4BE0-889D-92BA866DFA50}"
EndProject
Global
	GlobalSection(SolutionConfigurationPlatforms) = preSolution
		Debug|Any CPU = Debug|Any CPU
		Release|Any CPU = Release|Any CPU
	EndGlobalSection
	GlobalSection(ProjectConfigurationPlatforms) = postSolution
		{9291621E-781A-4B93-A816-FE5C24FC7D2B}.Debug|Any CPU.ActiveCfg = Debug|Any CPU
		{9291621E-781A-4B93-A816-FE5C24FC7D2B}.Debug|Any CPU.Build.0 = Debug|Any CPU
		{9291621E-781A-4B93-A816-FE5C24FC7D2B}.Release|Any CPU.ActiveCfg = Release|Any CPU
		{9291621E-781A-4B93-A816-FE5C24FC7D2B}.Release|Any CPU.Build.0 = Release|Any CPU
		{1FE133FD-8954-4C12-A679-1E6E7B6345F1}.Debug|Any CPU.ActiveCfg = Debug|Any CPU
		{1FE133FD-8954-4C12-A679-1E6E7B6345F1}.Debug|Any CPU.Build.0 = Debug|Any CPU
		{1FE133FD-8954-4C12-A679-1E6E7B6345F1}.Release|Any CPU.ActiveCfg = Release|Any CPU
		{1FE133FD-8954-4C12-A679-1E6E7B6345F1}.Release|Any CPU.Build.0 = Release|Any CPU
		{2B48D262-8FDA-48DC-B975-1D2290243F94}.Debug|Any CPU.ActiveCfg = Debug|Any CPU
		{2B48D262-8FDA-48DC-B975-1D2290243F94}.Debug|Any CPU.Build.0 = Debug|Any CPU
		{2B48D262-8FDA-48DC-B975-1D2290243F94}.Release|Any CPU.ActiveCfg = Release|Any CPU
		{2B48D262-8FDA-48DC-B975-1D2290243F94}.Release|Any CPU.Build.0 = Release|Any CPU
		{00F7CA6C-619C-46DB-96AD-77A64A0D4466}.Debug|Any CPU.ActiveCfg = Debug|Any CPU
		{00F7CA6C-619C-46DB-96AD-77A64A0D4466}.Debug|Any CPU.Build.0 = Debug|Any CPU
		{00F7CA6C-619C-46DB-96AD-77A64A0D4466}.Release|Any CPU.ActiveCfg = Release|Any CPU
		{00F7CA6C-619C-46DB-96AD-77A64A0D4466}.Release|Any CPU.Build.0 = Release|Any CPU
		{BB28512D-54ED-4BE0-889D-92BA866DFA50}.Debug|Any CPU.ActiveCfg = Debug|Any CPU
		{BB28512D-54ED-4BE0-889D-92BA866DFA50}.Debug|Any CPU.Build.0 = Debug|Any CPU
		{BB28512D-54ED-4BE0-889D-92BA866DFA50}.Release|Any CPU.ActiveCfg = Release|Any CPU
		{BB28512D-54ED-4BE0-889D-92BA866DFA50}.Release|Any CPU.Build.0 = Release|Any CPU
	EndGlobalSection
	GlobalSection(SolutionProperties) = preSolution
		HideSolutionNode = FALSE
	EndGlobalSection
	GlobalSection(ExtensibilityGlobals) = postSolution
		SolutionGuid = {85467678-7D9B-4E03-931D-888DABA03A1C}
	EndGlobalSection
EndGlobal
